// !$*UTF8*$!
{
	archiveVersion = 1;
	classes = {
	};
	objectVersion = 56;
	objects = {

/* Begin PBXBuildFile section */
		8415BB5B2C138E29000CA8F1 /* AppDelegate.swift in Sources */ = {isa = PBXBuildFile; fileRef = 8415BB5A2C138E29000CA8F1 /* AppDelegate.swift */; };
		8415BB5D2C138E29000CA8F1 /* SceneDelegate.swift in Sources */ = {isa = PBXBuildFile; fileRef = 8415BB5C2C138E29000CA8F1 /* SceneDelegate.swift */; };
		8415BB5F2C138E29000CA8F1 /* LottoViewController.swift in Sources */ = {isa = PBXBuildFile; fileRef = 8415BB5E2C138E29000CA8F1 /* LottoViewController.swift */; };
		8415BB642C138E2A000CA8F1 /* Assets.xcassets in Resources */ = {isa = PBXBuildFile; fileRef = 8415BB632C138E2A000CA8F1 /* Assets.xcassets */; };
		8415BB672C138E2A000CA8F1 /* Base in Resources */ = {isa = PBXBuildFile; fileRef = 8415BB662C138E2A000CA8F1 /* Base */; };
		8415BB6F2C138E3E000CA8F1 /* .gitignore in Resources */ = {isa = PBXBuildFile; fileRef = 8415BB6E2C138E3D000CA8F1 /* .gitignore */; };
		8415BB712C138EA0000CA8F1 /* WeatherViewController.swift in Sources */ = {isa = PBXBuildFile; fileRef = 8415BB702C138EA0000CA8F1 /* WeatherViewController.swift */; };
		8415BB732C138EAE000CA8F1 /* BoxOfficeViewController.swift in Sources */ = {isa = PBXBuildFile; fileRef = 8415BB722C138EAE000CA8F1 /* BoxOfficeViewController.swift */; };
		8415BB752C139295000CA8F1 /* UILabel+.swift in Sources */ = {isa = PBXBuildFile; fileRef = 8415BB742C139295000CA8F1 /* UILabel+.swift */; };
		8415BB7A2C139555000CA8F1 /* Alamofire in Frameworks */ = {isa = PBXBuildFile; productRef = 8415BB792C139555000CA8F1 /* Alamofire */; };
		8415BB7D2C139566000CA8F1 /* SnapKit in Frameworks */ = {isa = PBXBuildFile; productRef = 8415BB7C2C139566000CA8F1 /* SnapKit */; };
		8415BB7F2C14382B000CA8F1 /* WinningBall.swift in Sources */ = {isa = PBXBuildFile; fileRef = 8415BB7E2C14382B000CA8F1 /* WinningBall.swift */; };
		8415BB812C144590000CA8F1 /* APIURL.swift in Sources */ = {isa = PBXBuildFile; fileRef = 8415BB802C144590000CA8F1 /* APIURL.swift */; };
		8415BB832C14697A000CA8F1 /* Network.swift in Sources */ = {isa = PBXBuildFile; fileRef = 8415BB822C14697A000CA8F1 /* Network.swift */; };
		8415BB862C147B30000CA8F1 /* PickerView.swift in Sources */ = {isa = PBXBuildFile; fileRef = 8415BB852C147B2F000CA8F1 /* PickerView.swift */; };
		8496E7142C15895A00F87AF8 /* Constraints.swift in Sources */ = {isa = PBXBuildFile; fileRef = 8496E7132C15895900F87AF8 /* Constraints.swift */; };
		8496E7172C158ACB00F87AF8 /* TextField.swift in Sources */ = {isa = PBXBuildFile; fileRef = 8496E7162C158ACB00F87AF8 /* TextField.swift */; };
		8496E7192C158B5400F87AF8 /* LottoDTO.swift in Sources */ = {isa = PBXBuildFile; fileRef = 8496E7182C158B5400F87AF8 /* LottoDTO.swift */; };
		8496E71F2C15C0A700F87AF8 /* configuration.xcconfig in Resources */ = {isa = PBXBuildFile; fileRef = 8496E71E2C15C0A700F87AF8 /* configuration.xcconfig */; };
		8496E7242C15D33B00F87AF8 /* WeatherDTO.swift in Sources */ = {isa = PBXBuildFile; fileRef = 8496E7232C15D33B00F87AF8 /* WeatherDTO.swift */; };
		8496E7292C15FE9B00F87AF8 /* UIImage+.swift in Sources */ = {isa = PBXBuildFile; fileRef = 8496E7282C15FE9B00F87AF8 /* UIImage+.swift */; };
		8496E72B2C1607DE00F87AF8 /* WeatherBubbleLabel.swift in Sources */ = {isa = PBXBuildFile; fileRef = 8496E72A2C1607DE00F87AF8 /* WeatherBubbleLabel.swift */; };
		8496E72F2C1616FF00F87AF8 /* Array+.swift in Sources */ = {isa = PBXBuildFile; fileRef = 8496E72E2C1616FF00F87AF8 /* Array+.swift */; };
		8496E7332C16471400F87AF8 /* UIView+.swift in Sources */ = {isa = PBXBuildFile; fileRef = 8496E7322C16471400F87AF8 /* UIView+.swift */; };
		8496E7362C164C9F00F87AF8 /* Kingfisher in Frameworks */ = {isa = PBXBuildFile; productRef = 8496E7352C164C9F00F87AF8 /* Kingfisher */; };
		8496E7382C16599E00F87AF8 /* Double+.swift in Sources */ = {isa = PBXBuildFile; fileRef = 8496E7372C16599E00F87AF8 /* Double+.swift */; };
		8496E73A2C16657300F87AF8 /* Int+.swift in Sources */ = {isa = PBXBuildFile; fileRef = 8496E7392C16657300F87AF8 /* Int+.swift */; };
/* End PBXBuildFile section */

/* Begin PBXFileReference section */
		8415BB572C138E29000CA8F1 /* LuckyWeatherMovie.app */ = {isa = PBXFileReference; explicitFileType = wrapper.application; includeInIndex = 0; path = LuckyWeatherMovie.app; sourceTree = BUILT_PRODUCTS_DIR; };
		8415BB5A2C138E29000CA8F1 /* AppDelegate.swift */ = {isa = PBXFileReference; lastKnownFileType = sourcecode.swift; path = AppDelegate.swift; sourceTree = "<group>"; };
		8415BB5C2C138E29000CA8F1 /* SceneDelegate.swift */ = {isa = PBXFileReference; lastKnownFileType = sourcecode.swift; path = SceneDelegate.swift; sourceTree = "<group>"; };
		8415BB5E2C138E29000CA8F1 /* LottoViewController.swift */ = {isa = PBXFileReference; lastKnownFileType = sourcecode.swift; path = LottoViewController.swift; sourceTree = "<group>"; };
		8415BB632C138E2A000CA8F1 /* Assets.xcassets */ = {isa = PBXFileReference; lastKnownFileType = folder.assetcatalog; path = Assets.xcassets; sourceTree = "<group>"; };
		8415BB662C138E2A000CA8F1 /* Base */ = {isa = PBXFileReference; lastKnownFileType = file.storyboard; name = Base; path = Base.lproj/LaunchScreen.storyboard; sourceTree = "<group>"; };
		8415BB682C138E2A000CA8F1 /* Info.plist */ = {isa = PBXFileReference; lastKnownFileType = text.plist.xml; path = Info.plist; sourceTree = "<group>"; };
		8415BB6E2C138E3D000CA8F1 /* .gitignore */ = {isa = PBXFileReference; lastKnownFileType = text; path = .gitignore; sourceTree = "<group>"; };
		8415BB702C138EA0000CA8F1 /* WeatherViewController.swift */ = {isa = PBXFileReference; lastKnownFileType = sourcecode.swift; path = WeatherViewController.swift; sourceTree = "<group>"; };
		8415BB722C138EAE000CA8F1 /* BoxOfficeViewController.swift */ = {isa = PBXFileReference; lastKnownFileType = sourcecode.swift; path = BoxOfficeViewController.swift; sourceTree = "<group>"; };
		8415BB742C139295000CA8F1 /* UILabel+.swift */ = {isa = PBXFileReference; lastKnownFileType = sourcecode.swift; path = "UILabel+.swift"; sourceTree = "<group>"; };
		8415BB7E2C14382B000CA8F1 /* WinningBall.swift */ = {isa = PBXFileReference; lastKnownFileType = sourcecode.swift; path = WinningBall.swift; sourceTree = "<group>"; };
		8415BB802C144590000CA8F1 /* APIURL.swift */ = {isa = PBXFileReference; lastKnownFileType = sourcecode.swift; path = APIURL.swift; sourceTree = "<group>"; };
		8415BB822C14697A000CA8F1 /* Network.swift */ = {isa = PBXFileReference; lastKnownFileType = sourcecode.swift; path = Network.swift; sourceTree = "<group>"; };
		8415BB852C147B2F000CA8F1 /* PickerView.swift */ = {isa = PBXFileReference; lastKnownFileType = sourcecode.swift; path = PickerView.swift; sourceTree = "<group>"; };
		8496E7132C15895900F87AF8 /* Constraints.swift */ = {isa = PBXFileReference; lastKnownFileType = sourcecode.swift; path = Constraints.swift; sourceTree = "<group>"; };
		8496E7162C158ACB00F87AF8 /* TextField.swift */ = {isa = PBXFileReference; lastKnownFileType = sourcecode.swift; path = TextField.swift; sourceTree = "<group>"; };
		8496E7182C158B5400F87AF8 /* LottoDTO.swift */ = {isa = PBXFileReference; lastKnownFileType = sourcecode.swift; path = LottoDTO.swift; sourceTree = "<group>"; };
		8496E71E2C15C0A700F87AF8 /* configuration.xcconfig */ = {isa = PBXFileReference; lastKnownFileType = text.xcconfig; path = configuration.xcconfig; sourceTree = "<group>"; };
		8496E7232C15D33B00F87AF8 /* WeatherDTO.swift */ = {isa = PBXFileReference; lastKnownFileType = sourcecode.swift; path = WeatherDTO.swift; sourceTree = "<group>"; };
		8496E7282C15FE9B00F87AF8 /* UIImage+.swift */ = {isa = PBXFileReference; lastKnownFileType = sourcecode.swift; path = "UIImage+.swift"; sourceTree = "<group>"; };
		8496E72A2C1607DE00F87AF8 /* WeatherBubbleLabel.swift */ = {isa = PBXFileReference; lastKnownFileType = sourcecode.swift; path = WeatherBubbleLabel.swift; sourceTree = "<group>"; };
		8496E72E2C1616FF00F87AF8 /* Array+.swift */ = {isa = PBXFileReference; lastKnownFileType = sourcecode.swift; path = "Array+.swift"; sourceTree = "<group>"; };
		8496E7322C16471400F87AF8 /* UIView+.swift */ = {isa = PBXFileReference; lastKnownFileType = sourcecode.swift; path = "UIView+.swift"; sourceTree = "<group>"; };
		8496E7372C16599E00F87AF8 /* Double+.swift */ = {isa = PBXFileReference; lastKnownFileType = sourcecode.swift; path = "Double+.swift"; sourceTree = "<group>"; };
		8496E7392C16657300F87AF8 /* Int+.swift */ = {isa = PBXFileReference; lastKnownFileType = sourcecode.swift; path = "Int+.swift"; sourceTree = "<group>"; };
/* End PBXFileReference section */

/* Begin PBXFrameworksBuildPhase section */
		8415BB542C138E29000CA8F1 /* Frameworks */ = {
			isa = PBXFrameworksBuildPhase;
			buildActionMask = 2147483647;
			files = (
				8496E7362C164C9F00F87AF8 /* Kingfisher in Frameworks */,
				8415BB7A2C139555000CA8F1 /* Alamofire in Frameworks */,
				8415BB7D2C139566000CA8F1 /* SnapKit in Frameworks */,
			);
			runOnlyForDeploymentPostprocessing = 0;
		};
/* End PBXFrameworksBuildPhase section */

/* Begin PBXGroup section */
		8415BB4E2C138E29000CA8F1 = {
			isa = PBXGroup;
			children = (
				8415BB592C138E29000CA8F1 /* LuckyWeatherMovie */,
				8415BB582C138E29000CA8F1 /* Products */,
			);
			sourceTree = "<group>";
		};
		8415BB582C138E29000CA8F1 /* Products */ = {
			isa = PBXGroup;
			children = (
				8415BB572C138E29000CA8F1 /* LuckyWeatherMovie.app */,
			);
			name = Products;
			sourceTree = "<group>";
		};
		8415BB592C138E29000CA8F1 /* LuckyWeatherMovie */ = {
			isa = PBXGroup;
			children = (
				8415BB802C144590000CA8F1 /* APIURL.swift */,
				8415BB822C14697A000CA8F1 /* Network.swift */,
				8415BB772C1392BA000CA8F1 /* App */,
				8415BB762C1392A2000CA8F1 /* extension */,
				8415BB842C14697F000CA8F1 /* Lotto */,
				8496E71A2C15960F00F87AF8 /* Weather */,
				8496E71B2C15962000F87AF8 /* BoxOffice */,
				8496E7222C15C41800F87AF8 /* Resources */,
				8415BB6E2C138E3D000CA8F1 /* .gitignore */,
				8415BB682C138E2A000CA8F1 /* Info.plist */,
			);
			path = LuckyWeatherMovie;
			sourceTree = "<group>";
		};
		8415BB762C1392A2000CA8F1 /* extension */ = {
			isa = PBXGroup;
			children = (
			);
			path = extension;
			sourceTree = "<group>";
		};
		8415BB772C1392BA000CA8F1 /* App */ = {
			isa = PBXGroup;
			children = (
				8415BB5A2C138E29000CA8F1 /* AppDelegate.swift */,
				8415BB5C2C138E29000CA8F1 /* SceneDelegate.swift */,
			);
			path = App;
			sourceTree = "<group>";
		};
		8415BB842C14697F000CA8F1 /* Lotto */ = {
			isa = PBXGroup;
			children = (
				8496E7152C158A7A00F87AF8 /* VC */,
				8415BB7E2C14382B000CA8F1 /* WinningBall.swift */,
				8496E7182C158B5400F87AF8 /* LottoDTO.swift */,
				8415BB742C139295000CA8F1 /* UILabel+.swift */,
			);
			path = Lotto;
			sourceTree = "<group>";
		};
		8496E7152C158A7A00F87AF8 /* VC */ = {
			isa = PBXGroup;
			children = (
				8415BB5E2C138E29000CA8F1 /* LottoViewController.swift */,
				8496E7162C158ACB00F87AF8 /* TextField.swift */,
				8415BB852C147B2F000CA8F1 /* PickerView.swift */,
				8496E7132C15895900F87AF8 /* Constraints.swift */,
			);
			path = VC;
			sourceTree = "<group>";
		};
		8496E71A2C15960F00F87AF8 /* Weather */ = {
			isa = PBXGroup;
			children = (
				8415BB702C138EA0000CA8F1 /* WeatherViewController.swift */,
				8496E72A2C1607DE00F87AF8 /* WeatherBubbleLabel.swift */,
				8496E7232C15D33B00F87AF8 /* WeatherDTO.swift */,
				8496E7282C15FE9B00F87AF8 /* UIImage+.swift */,
				8496E72E2C1616FF00F87AF8 /* Array+.swift */,
				8496E7372C16599E00F87AF8 /* Double+.swift */,
				8496E7322C16471400F87AF8 /* UIView+.swift */,
				8496E7392C16657300F87AF8 /* Int+.swift */,
			);
			path = Weather;
			sourceTree = "<group>";
		};
		8496E71B2C15962000F87AF8 /* BoxOffice */ = {
			isa = PBXGroup;
			children = (
				8415BB722C138EAE000CA8F1 /* BoxOfficeViewController.swift */,
			);
			path = BoxOffice;
			sourceTree = "<group>";
		};
		8496E7222C15C41800F87AF8 /* Resources */ = {
			isa = PBXGroup;
			children = (
				8415BB652C138E2A000CA8F1 /* LaunchScreen.storyboard */,
				8415BB632C138E2A000CA8F1 /* Assets.xcassets */,
				8496E71E2C15C0A700F87AF8 /* configuration.xcconfig */,
			);
			path = Resources;
			sourceTree = "<group>";
		};
/* End PBXGroup section */

/* Begin PBXNativeTarget section */
		8415BB562C138E29000CA8F1 /* LuckyWeatherMovie */ = {
			isa = PBXNativeTarget;
			buildConfigurationList = 8415BB6B2C138E2A000CA8F1 /* Build configuration list for PBXNativeTarget "LuckyWeatherMovie" */;
			buildPhases = (
				8415BB532C138E29000CA8F1 /* Sources */,
				8415BB542C138E29000CA8F1 /* Frameworks */,
				8415BB552C138E29000CA8F1 /* Resources */,
			);
			buildRules = (
			);
			dependencies = (
			);
			name = LuckyWeatherMovie;
			packageProductDependencies = (
				8415BB792C139555000CA8F1 /* Alamofire */,
				8415BB7C2C139566000CA8F1 /* SnapKit */,
				8496E7352C164C9F00F87AF8 /* Kingfisher */,
			);
			productName = LuckyWeatherMovie;
			productReference = 8415BB572C138E29000CA8F1 /* LuckyWeatherMovie.app */;
			productType = "com.apple.product-type.application";
		};
/* End PBXNativeTarget section */

/* Begin PBXProject section */
		8415BB4F2C138E29000CA8F1 /* Project object */ = {
			isa = PBXProject;
			attributes = {
				BuildIndependentTargetsInParallel = 1;
				LastSwiftUpdateCheck = 1540;
				LastUpgradeCheck = 1540;
				TargetAttributes = {
					8415BB562C138E29000CA8F1 = {
						CreatedOnToolsVersion = 15.4;
					};
				};
			};
			buildConfigurationList = 8415BB522C138E29000CA8F1 /* Build configuration list for PBXProject "LuckyWeatherMovie" */;
			compatibilityVersion = "Xcode 14.0";
			developmentRegion = en;
			hasScannedForEncodings = 0;
			knownRegions = (
				en,
				Base,
			);
			mainGroup = 8415BB4E2C138E29000CA8F1;
			packageReferences = (
				8415BB782C139555000CA8F1 /* XCRemoteSwiftPackageReference "Alamofire" */,
				8415BB7B2C139566000CA8F1 /* XCRemoteSwiftPackageReference "SnapKit" */,
				8496E7342C164C9F00F87AF8 /* XCRemoteSwiftPackageReference "Kingfisher" */,
			);
			productRefGroup = 8415BB582C138E29000CA8F1 /* Products */;
			projectDirPath = "";
			projectRoot = "";
			targets = (
				8415BB562C138E29000CA8F1 /* LuckyWeatherMovie */,
			);
		};
/* End PBXProject section */

/* Begin PBXResourcesBuildPhase section */
		8415BB552C138E29000CA8F1 /* Resources */ = {
			isa = PBXResourcesBuildPhase;
			buildActionMask = 2147483647;
			files = (
				8415BB6F2C138E3E000CA8F1 /* .gitignore in Resources */,
				8496E71F2C15C0A700F87AF8 /* configuration.xcconfig in Resources */,
				8415BB642C138E2A000CA8F1 /* Assets.xcassets in Resources */,
				8415BB672C138E2A000CA8F1 /* Base in Resources */,
			);
			runOnlyForDeploymentPostprocessing = 0;
		};
/* End PBXResourcesBuildPhase section */

/* Begin PBXSourcesBuildPhase section */
		8415BB532C138E29000CA8F1 /* Sources */ = {
			isa = PBXSourcesBuildPhase;
			buildActionMask = 2147483647;
			files = (
				8496E7192C158B5400F87AF8 /* LottoDTO.swift in Sources */,
				8415BB752C139295000CA8F1 /* UILabel+.swift in Sources */,
				8415BB5F2C138E29000CA8F1 /* LottoViewController.swift in Sources */,
				8415BB712C138EA0000CA8F1 /* WeatherViewController.swift in Sources */,
				8496E7242C15D33B00F87AF8 /* WeatherDTO.swift in Sources */,
				8496E72B2C1607DE00F87AF8 /* WeatherBubbleLabel.swift in Sources */,
				8496E7332C16471400F87AF8 /* UIView+.swift in Sources */,
				8496E73A2C16657300F87AF8 /* Int+.swift in Sources */,
				8496E7172C158ACB00F87AF8 /* TextField.swift in Sources */,
				8415BB7F2C14382B000CA8F1 /* WinningBall.swift in Sources */,
				8496E7142C15895A00F87AF8 /* Constraints.swift in Sources */,
				8415BB812C144590000CA8F1 /* APIURL.swift in Sources */,
				8415BB5B2C138E29000CA8F1 /* AppDelegate.swift in Sources */,
				8415BB832C14697A000CA8F1 /* Network.swift in Sources */,
				8415BB732C138EAE000CA8F1 /* BoxOfficeViewController.swift in Sources */,
				8496E7292C15FE9B00F87AF8 /* UIImage+.swift in Sources */,
				8496E7382C16599E00F87AF8 /* Double+.swift in Sources */,
				8415BB862C147B30000CA8F1 /* PickerView.swift in Sources */,
				8415BB5D2C138E29000CA8F1 /* SceneDelegate.swift in Sources */,
				8496E72F2C1616FF00F87AF8 /* Array+.swift in Sources */,
			);
			runOnlyForDeploymentPostprocessing = 0;
		};
/* End PBXSourcesBuildPhase section */

/* Begin PBXVariantGroup section */
		8415BB652C138E2A000CA8F1 /* LaunchScreen.storyboard */ = {
			isa = PBXVariantGroup;
			children = (
				8415BB662C138E2A000CA8F1 /* Base */,
			);
			name = LaunchScreen.storyboard;
			sourceTree = "<group>";
		};
/* End PBXVariantGroup section */

/* Begin XCBuildConfiguration section */
		8415BB692C138E2A000CA8F1 /* Debug */ = {
			isa = XCBuildConfiguration;
			buildSettings = {
				ALWAYS_SEARCH_USER_PATHS = NO;
				ASSETCATALOG_COMPILER_GENERATE_SWIFT_ASSET_SYMBOL_EXTENSIONS = YES;
				CLANG_ANALYZER_NONNULL = YES;
				CLANG_ANALYZER_NUMBER_OBJECT_CONVERSION = YES_AGGRESSIVE;
				CLANG_CXX_LANGUAGE_STANDARD = "gnu++20";
				CLANG_ENABLE_MODULES = YES;
				CLANG_ENABLE_OBJC_ARC = YES;
				CLANG_ENABLE_OBJC_WEAK = YES;
				CLANG_WARN_BLOCK_CAPTURE_AUTORELEASING = YES;
				CLANG_WARN_BOOL_CONVERSION = YES;
				CLANG_WARN_COMMA = YES;
				CLANG_WARN_CONSTANT_CONVERSION = YES;
				CLANG_WARN_DEPRECATED_OBJC_IMPLEMENTATIONS = YES;
				CLANG_WARN_DIRECT_OBJC_ISA_USAGE = YES_ERROR;
				CLANG_WARN_DOCUMENTATION_COMMENTS = YES;
				CLANG_WARN_EMPTY_BODY = YES;
				CLANG_WARN_ENUM_CONVERSION = YES;
				CLANG_WARN_INFINITE_RECURSION = YES;
				CLANG_WARN_INT_CONVERSION = YES;
				CLANG_WARN_NON_LITERAL_NULL_CONVERSION = YES;
				CLANG_WARN_OBJC_IMPLICIT_RETAIN_SELF = YES;
				CLANG_WARN_OBJC_LITERAL_CONVERSION = YES;
				CLANG_WARN_OBJC_ROOT_CLASS = YES_ERROR;
				CLANG_WARN_QUOTED_INCLUDE_IN_FRAMEWORK_HEADER = YES;
				CLANG_WARN_RANGE_LOOP_ANALYSIS = YES;
				CLANG_WARN_STRICT_PROTOTYPES = YES;
				CLANG_WARN_SUSPICIOUS_MOVE = YES;
				CLANG_WARN_UNGUARDED_AVAILABILITY = YES_AGGRESSIVE;
				CLANG_WARN_UNREACHABLE_CODE = YES;
				CLANG_WARN__DUPLICATE_METHOD_MATCH = YES;
				COPY_PHASE_STRIP = NO;
				DEBUG_INFORMATION_FORMAT = dwarf;
				ENABLE_STRICT_OBJC_MSGSEND = YES;
				ENABLE_TESTABILITY = YES;
				ENABLE_USER_SCRIPT_SANDBOXING = YES;
				GCC_C_LANGUAGE_STANDARD = gnu17;
				GCC_DYNAMIC_NO_PIC = NO;
				GCC_NO_COMMON_BLOCKS = YES;
				GCC_OPTIMIZATION_LEVEL = 0;
				GCC_PREPROCESSOR_DEFINITIONS = (
					"DEBUG=1",
					"$(inherited)",
				);
				GCC_WARN_64_TO_32_BIT_CONVERSION = YES;
				GCC_WARN_ABOUT_RETURN_TYPE = YES_ERROR;
				GCC_WARN_UNDECLARED_SELECTOR = YES;
				GCC_WARN_UNINITIALIZED_AUTOS = YES_AGGRESSIVE;
				GCC_WARN_UNUSED_FUNCTION = YES;
				GCC_WARN_UNUSED_VARIABLE = YES;
				IPHONEOS_DEPLOYMENT_TARGET = 17.5;
				LOCALIZATION_PREFERS_STRING_CATALOGS = YES;
				MTL_ENABLE_DEBUG_INFO = INCLUDE_SOURCE;
				MTL_FAST_MATH = YES;
				ONLY_ACTIVE_ARCH = YES;
				SDKROOT = iphoneos;
				SWIFT_ACTIVE_COMPILATION_CONDITIONS = "DEBUG $(inherited)";
				SWIFT_OPTIMIZATION_LEVEL = "-Onone";
			};
			name = Debug;
		};
		8415BB6A2C138E2A000CA8F1 /* Release */ = {
			isa = XCBuildConfiguration;
			buildSettings = {
				ALWAYS_SEARCH_USER_PATHS = NO;
				ASSETCATALOG_COMPILER_GENERATE_SWIFT_ASSET_SYMBOL_EXTENSIONS = YES;
				CLANG_ANALYZER_NONNULL = YES;
				CLANG_ANALYZER_NUMBER_OBJECT_CONVERSION = YES_AGGRESSIVE;
				CLANG_CXX_LANGUAGE_STANDARD = "gnu++20";
				CLANG_ENABLE_MODULES = YES;
				CLANG_ENABLE_OBJC_ARC = YES;
				CLANG_ENABLE_OBJC_WEAK = YES;
				CLANG_WARN_BLOCK_CAPTURE_AUTORELEASING = YES;
				CLANG_WARN_BOOL_CONVERSION = YES;
				CLANG_WARN_COMMA = YES;
				CLANG_WARN_CONSTANT_CONVERSION = YES;
				CLANG_WARN_DEPRECATED_OBJC_IMPLEMENTATIONS = YES;
				CLANG_WARN_DIRECT_OBJC_ISA_USAGE = YES_ERROR;
				CLANG_WARN_DOCUMENTATION_COMMENTS = YES;
				CLANG_WARN_EMPTY_BODY = YES;
				CLANG_WARN_ENUM_CONVERSION = YES;
				CLANG_WARN_INFINITE_RECURSION = YES;
				CLANG_WARN_INT_CONVERSION = YES;
				CLANG_WARN_NON_LITERAL_NULL_CONVERSION = YES;
				CLANG_WARN_OBJC_IMPLICIT_RETAIN_SELF = YES;
				CLANG_WARN_OBJC_LITERAL_CONVERSION = YES;
				CLANG_WARN_OBJC_ROOT_CLASS = YES_ERROR;
				CLANG_WARN_QUOTED_INCLUDE_IN_FRAMEWORK_HEADER = YES;
				CLANG_WARN_RANGE_LOOP_ANALYSIS = YES;
				CLANG_WARN_STRICT_PROTOTYPES = YES;
				CLANG_WARN_SUSPICIOUS_MOVE = YES;
				CLANG_WARN_UNGUARDED_AVAILABILITY = YES_AGGRESSIVE;
				CLANG_WARN_UNREACHABLE_CODE = YES;
				CLANG_WARN__DUPLICATE_METHOD_MATCH = YES;
				COPY_PHASE_STRIP = NO;
				DEBUG_INFORMATION_FORMAT = "dwarf-with-dsym";
				ENABLE_NS_ASSERTIONS = NO;
				ENABLE_STRICT_OBJC_MSGSEND = YES;
				ENABLE_USER_SCRIPT_SANDBOXING = YES;
				GCC_C_LANGUAGE_STANDARD = gnu17;
				GCC_NO_COMMON_BLOCKS = YES;
				GCC_WARN_64_TO_32_BIT_CONVERSION = YES;
				GCC_WARN_ABOUT_RETURN_TYPE = YES_ERROR;
				GCC_WARN_UNDECLARED_SELECTOR = YES;
				GCC_WARN_UNINITIALIZED_AUTOS = YES_AGGRESSIVE;
				GCC_WARN_UNUSED_FUNCTION = YES;
				GCC_WARN_UNUSED_VARIABLE = YES;
				IPHONEOS_DEPLOYMENT_TARGET = 17.5;
				LOCALIZATION_PREFERS_STRING_CATALOGS = YES;
				MTL_ENABLE_DEBUG_INFO = NO;
				MTL_FAST_MATH = YES;
				SDKROOT = iphoneos;
				SWIFT_COMPILATION_MODE = wholemodule;
				VALIDATE_PRODUCT = YES;
			};
			name = Release;
		};
		8415BB6C2C138E2A000CA8F1 /* Debug */ = {
			isa = XCBuildConfiguration;
			baseConfigurationReference = 8496E71E2C15C0A700F87AF8 /* configuration.xcconfig */;
			buildSettings = {
				ASSETCATALOG_COMPILER_APPICON_NAME = AppIcon;
				ASSETCATALOG_COMPILER_GLOBAL_ACCENT_COLOR_NAME = AccentColor;
				CODE_SIGN_STYLE = Automatic;
				CURRENT_PROJECT_VERSION = 1;
				DEVELOPMENT_TEAM = DB9LFYULKZ;
				GENERATE_INFOPLIST_FILE = YES;
				INFOPLIST_FILE = LuckyWeatherMovie/Info.plist;
				INFOPLIST_KEY_UIApplicationSupportsIndirectInputEvents = YES;
				INFOPLIST_KEY_UILaunchStoryboardName = LaunchScreen;
				INFOPLIST_KEY_UISupportedInterfaceOrientations = UIInterfaceOrientationPortrait;
				INFOPLIST_KEY_UISupportedInterfaceOrientations_iPad = UIInterfaceOrientationPortrait;
				IPHONEOS_DEPLOYMENT_TARGET = 16.0;
				LD_RUNPATH_SEARCH_PATHS = (
					"$(inherited)",
					"@executable_path/Frameworks",
				);
				MARKETING_VERSION = 1.0;
				PRODUCT_BUNDLE_IDENTIFIER = com.sesac.LuckyWeatherMovie;
				PRODUCT_NAME = "$(TARGET_NAME)";
				SUPPORTED_PLATFORMS = "iphoneos iphonesimulator";
				SUPPORTS_MACCATALYST = NO;
				SUPPORTS_MAC_DESIGNED_FOR_IPHONE_IPAD = NO;
				SUPPORTS_XR_DESIGNED_FOR_IPHONE_IPAD = NO;
				SWIFT_EMIT_LOC_STRINGS = YES;
				SWIFT_VERSION = 5.0;
				TARGETED_DEVICE_FAMILY = 1;
			};
			name = Debug;
		};
		8415BB6D2C138E2A000CA8F1 /* Release */ = {
			isa = XCBuildConfiguration;
			baseConfigurationReference = 8496E71E2C15C0A700F87AF8 /* configuration.xcconfig */;
			buildSettings = {
				ASSETCATALOG_COMPILER_APPICON_NAME = AppIcon;
				ASSETCATALOG_COMPILER_GLOBAL_ACCENT_COLOR_NAME = AccentColor;
				CODE_SIGN_STYLE = Automatic;
				CURRENT_PROJECT_VERSION = 1;
				DEVELOPMENT_TEAM = DB9LFYULKZ;
				GENERATE_INFOPLIST_FILE = YES;
				INFOPLIST_FILE = LuckyWeatherMovie/Info.plist;
				INFOPLIST_KEY_UIApplicationSupportsIndirectInputEvents = YES;
				INFOPLIST_KEY_UILaunchStoryboardName = LaunchScreen;
				INFOPLIST_KEY_UISupportedInterfaceOrientations = UIInterfaceOrientationPortrait;
				INFOPLIST_KEY_UISupportedInterfaceOrientations_iPad = UIInterfaceOrientationPortrait;
				IPHONEOS_DEPLOYMENT_TARGET = 16.0;
				LD_RUNPATH_SEARCH_PATHS = (
					"$(inherited)",
					"@executable_path/Frameworks",
				);
				MARKETING_VERSION = 1.0;
				PRODUCT_BUNDLE_IDENTIFIER = com.sesac.LuckyWeatherMovie;
				PRODUCT_NAME = "$(TARGET_NAME)";
				SUPPORTED_PLATFORMS = "iphoneos iphonesimulator";
				SUPPORTS_MACCATALYST = NO;
				SUPPORTS_MAC_DESIGNED_FOR_IPHONE_IPAD = NO;
				SUPPORTS_XR_DESIGNED_FOR_IPHONE_IPAD = NO;
				SWIFT_EMIT_LOC_STRINGS = YES;
				SWIFT_VERSION = 5.0;
				TARGETED_DEVICE_FAMILY = 1;
			};
			name = Release;
		};
/* End XCBuildConfiguration section */

/* Begin XCConfigurationList section */
		8415BB522C138E29000CA8F1 /* Build configuration list for PBXProject "LuckyWeatherMovie" */ = {
			isa = XCConfigurationList;
			buildConfigurations = (
				8415BB692C138E2A000CA8F1 /* Debug */,
				8415BB6A2C138E2A000CA8F1 /* Release */,
			);
			defaultConfigurationIsVisible = 0;
			defaultConfigurationName = Release;
		};
		8415BB6B2C138E2A000CA8F1 /* Build configuration list for PBXNativeTarget "LuckyWeatherMovie" */ = {
			isa = XCConfigurationList;
			buildConfigurations = (
				8415BB6C2C138E2A000CA8F1 /* Debug */,
				8415BB6D2C138E2A000CA8F1 /* Release */,
			);
			defaultConfigurationIsVisible = 0;
			defaultConfigurationName = Release;
		};
/* End XCConfigurationList section */

/* Begin XCRemoteSwiftPackageReference section */
		8415BB782C139555000CA8F1 /* XCRemoteSwiftPackageReference "Alamofire" */ = {
			isa = XCRemoteSwiftPackageReference;
			repositoryURL = "https://github.com/Alamofire/Alamofire";
			requirement = {
				kind = upToNextMajorVersion;
				minimumVersion = 5.9.1;
			};
		};
		8415BB7B2C139566000CA8F1 /* XCRemoteSwiftPackageReference "SnapKit" */ = {
			isa = XCRemoteSwiftPackageReference;
			repositoryURL = "https://github.com/SnapKit/SnapKit";
			requirement = {
				kind = upToNextMajorVersion;
				minimumVersion = 5.7.1;
			};
		};
		8496E7342C164C9F00F87AF8 /* XCRemoteSwiftPackageReference "Kingfisher" */ = {
			isa = XCRemoteSwiftPackageReference;
			repositoryURL = "https://github.com/onevcat/Kingfisher";
			requirement = {
				kind = upToNextMajorVersion;
				minimumVersion = 7.11.0;
			};
		};
/* End XCRemoteSwiftPackageReference section */

/* Begin XCSwiftPackageProductDependency section */
		8415BB792C139555000CA8F1 /* Alamofire */ = {
			isa = XCSwiftPackageProductDependency;
			package = 8415BB782C139555000CA8F1 /* XCRemoteSwiftPackageReference "Alamofire" */;
			productName = Alamofire;
		};
		8415BB7C2C139566000CA8F1 /* SnapKit */ = {
			isa = XCSwiftPackageProductDependency;
			package = 8415BB7B2C139566000CA8F1 /* XCRemoteSwiftPackageReference "SnapKit" */;
			productName = SnapKit;
		};
		8496E7352C164C9F00F87AF8 /* Kingfisher */ = {
			isa = XCSwiftPackageProductDependency;
			package = 8496E7342C164C9F00F87AF8 /* XCRemoteSwiftPackageReference "Kingfisher" */;
			productName = Kingfisher;
		};
/* End XCSwiftPackageProductDependency section */
	};
	rootObject = 8415BB4F2C138E29000CA8F1 /* Project object */;
}
